
Microsoft Visual Studio Solution File, Format Version 12.00
# Visual Studio Version 17
VisualStudioVersion = 17.14.36015.10 d17.14
MinimumVisualStudioVersion = 10.0.40219.1
Project("{FAE04EC0-301F-11D3-BF4B-00C04F79EFBC}") = "LoginRegister", "LoginRegister.csproj", "{82027D77-DD8E-4CC3-96A4-2A5DD039ABA4}"
EndProject
Global
	GlobalSection(SolutionConfigurationPlatforms) = preSolution
		Debug|Any CPU = Debug|Any CPU
		Release|Any CPU = Release|Any CPU
	EndGlobalSection
	GlobalSection(ProjectConfigurationPlatforms) = postSolution
		{82027D77-DD8E-4CC3-96A4-2A5DD039ABA4}.Debug|Any CPU.ActiveCfg = Debug|Any CPU
		{82027D77-DD8E-4CC3-96A4-2A5DD039ABA4}.Debug|Any CPU.Build.0 = Debug|Any CPU
		{82027D77-DD8E-4CC3-96A4-2A5DD039ABA4}.Release|Any CPU.ActiveCfg = Release|Any CPU
		{82027D77-DD8E-4CC3-96A4-2A5DD039ABA4}.Release|Any CPU.Build.0 = Release|Any CPU
	EndGlobalSection
	GlobalSection(SolutionProperties) = preSolution
		HideSolutionNode = FALSE
	EndGlobalSection
	GlobalSection(ExtensibilityGlobals) = postSolution
		SolutionGuid = {92AFB72F-48E4-49E9-A91C-99DBCE29DCB2}
	EndGlobalSection
EndGlobal
